// !$*UTF8*$!
{
	archiveVersion = 1;
	classes = {
	};
	objectVersion = 50;
	objects = {

/* Begin PBXBuildFile section */
		49B55DEA24641F0C00F20E81 /* AppDelegate.swift in Sources */ = {isa = PBXBuildFile; fileRef = 49B55DE924641F0C00F20E81 /* AppDelegate.swift */; };
		49B55DEC24641F0C00F20E81 /* SceneDelegate.swift in Sources */ = {isa = PBXBuildFile; fileRef = 49B55DEB24641F0C00F20E81 /* SceneDelegate.swift */; };
		49B55DF124641F0C00F20E81 /* Main.storyboard in Resources */ = {isa = PBXBuildFile; fileRef = 49B55DEF24641F0C00F20E81 /* Main.storyboard */; };
		49B55DF424641F0C00F20E81 /* AVPlayer.xcdatamodeld in Sources */ = {isa = PBXBuildFile; fileRef = 49B55DF224641F0C00F20E81 /* AVPlayer.xcdatamodeld */; };
		49B55DF624641F0F00F20E81 /* Assets.xcassets in Resources */ = {isa = PBXBuildFile; fileRef = 49B55DF524641F0F00F20E81 /* Assets.xcassets */; };
		49B55DF924641F0F00F20E81 /* LaunchScreen.storyboard in Resources */ = {isa = PBXBuildFile; fileRef = 49B55DF724641F0F00F20E81 /* LaunchScreen.storyboard */; };
		49B55E0124642BB500F20E81 /* Video.swift in Sources */ = {isa = PBXBuildFile; fileRef = 49B55E0024642BB500F20E81 /* Video.swift */; };
		49B55E0624642EFA00F20E81 /* VideosTableViewController.swift in Sources */ = {isa = PBXBuildFile; fileRef = 49B55E0524642EFA00F20E81 /* VideosTableViewController.swift */; };
		49B55E082464341600F20E81 /* VideoTableViewCell.swift in Sources */ = {isa = PBXBuildFile; fileRef = 49B55E072464341600F20E81 /* VideoTableViewCell.swift */; };
		49B55E0C246440C900F20E81 /* video1.mp4 in Resources */ = {isa = PBXBuildFile; fileRef = 49B55E0B246440C900F20E81 /* video1.mp4 */; };
		49B55E0F24649A6F00F20E81 /* CustomAVPlayer.swift in Sources */ = {isa = PBXBuildFile; fileRef = 49B55E0E24649A6F00F20E81 /* CustomAVPlayer.swift */; };
		49B55E112464A48F00F20E81 /* PlayerViewController.swift in Sources */ = {isa = PBXBuildFile; fileRef = 49B55E102464A48F00F20E81 /* PlayerViewController.swift */; };
		49B55E142464B16100F20E81 /* InbuiltAVPlayer.swift in Sources */ = {isa = PBXBuildFile; fileRef = 49B55E132464B16100F20E81 /* InbuiltAVPlayer.swift */; };
		49B55E1A246B24A500F20E81 /* CustomPlayerView.xib in Resources */ = {isa = PBXBuildFile; fileRef = 49B55E19246B24A500F20E81 /* CustomPlayerView.xib */; };
		49B55E1C246B24C100F20E81 /* CustomPlayerView.swift in Sources */ = {isa = PBXBuildFile; fileRef = 49B55E1B246B24C100F20E81 /* CustomPlayerView.swift */; };
/* End PBXBuildFile section */

/* Begin PBXFileReference section */
		49B55DE624641F0C00F20E81 /* AVPlayer.app */ = {isa = PBXFileReference; explicitFileType = wrapper.application; includeInIndex = 0; path = AVPlayer.app; sourceTree = BUILT_PRODUCTS_DIR; };
		49B55DE924641F0C00F20E81 /* AppDelegate.swift */ = {isa = PBXFileReference; lastKnownFileType = sourcecode.swift; path = AppDelegate.swift; sourceTree = "<group>"; };
		49B55DEB24641F0C00F20E81 /* SceneDelegate.swift */ = {isa = PBXFileReference; lastKnownFileType = sourcecode.swift; path = SceneDelegate.swift; sourceTree = "<group>"; };
		49B55DF024641F0C00F20E81 /* Base */ = {isa = PBXFileReference; lastKnownFileType = file.storyboard; name = Base; path = Base.lproj/Main.storyboard; sourceTree = "<group>"; };
		49B55DF324641F0C00F20E81 /* AVPlayer.xcdatamodel */ = {isa = PBXFileReference; lastKnownFileType = wrapper.xcdatamodel; path = AVPlayer.xcdatamodel; sourceTree = "<group>"; };
		49B55DF524641F0F00F20E81 /* Assets.xcassets */ = {isa = PBXFileReference; lastKnownFileType = folder.assetcatalog; path = Assets.xcassets; sourceTree = "<group>"; };
		49B55DF824641F0F00F20E81 /* Base */ = {isa = PBXFileReference; lastKnownFileType = file.storyboard; name = Base; path = Base.lproj/LaunchScreen.storyboard; sourceTree = "<group>"; };
		49B55DFA24641F0F00F20E81 /* Info.plist */ = {isa = PBXFileReference; lastKnownFileType = text.plist.xml; path = Info.plist; sourceTree = "<group>"; };
		49B55E0024642BB500F20E81 /* Video.swift */ = {isa = PBXFileReference; lastKnownFileType = sourcecode.swift; path = Video.swift; sourceTree = "<group>"; };
		49B55E0524642EFA00F20E81 /* VideosTableViewController.swift */ = {isa = PBXFileReference; lastKnownFileType = sourcecode.swift; path = VideosTableViewController.swift; sourceTree = "<group>"; };
		49B55E072464341600F20E81 /* VideoTableViewCell.swift */ = {isa = PBXFileReference; lastKnownFileType = sourcecode.swift; path = VideoTableViewCell.swift; sourceTree = "<group>"; };
		49B55E0B246440C900F20E81 /* video1.mp4 */ = {isa = PBXFileReference; lastKnownFileType = file; path = video1.mp4; sourceTree = "<group>"; };
		49B55E0E24649A6F00F20E81 /* CustomAVPlayer.swift */ = {isa = PBXFileReference; lastKnownFileType = sourcecode.swift; path = CustomAVPlayer.swift; sourceTree = "<group>"; };
		49B55E102464A48F00F20E81 /* PlayerViewController.swift */ = {isa = PBXFileReference; lastKnownFileType = sourcecode.swift; path = PlayerViewController.swift; sourceTree = "<group>"; };
		49B55E132464B16100F20E81 /* InbuiltAVPlayer.swift */ = {isa = PBXFileReference; lastKnownFileType = sourcecode.swift; path = InbuiltAVPlayer.swift; sourceTree = "<group>"; };
		49B55E19246B24A500F20E81 /* CustomPlayerView.xib */ = {isa = PBXFileReference; lastKnownFileType = file.xib; path = CustomPlayerView.xib; sourceTree = "<group>"; };
		49B55E1B246B24C100F20E81 /* CustomPlayerView.swift */ = {isa = PBXFileReference; lastKnownFileType = sourcecode.swift; path = CustomPlayerView.swift; sourceTree = "<group>"; };
/* End PBXFileReference section */

/* Begin PBXFrameworksBuildPhase section */
		49B55DE324641F0C00F20E81 /* Frameworks */ = {
			isa = PBXFrameworksBuildPhase;
			buildActionMask = 2147483647;
			files = (
			);
			runOnlyForDeploymentPostprocessing = 0;
		};
/* End PBXFrameworksBuildPhase section */

/* Begin PBXGroup section */
		49B55DDD24641F0C00F20E81 = {
			isa = PBXGroup;
			children = (
				49B55DE824641F0C00F20E81 /* AVPlayer */,
				49B55DE724641F0C00F20E81 /* Products */,
			);
			sourceTree = "<group>";
		};
		49B55DE724641F0C00F20E81 /* Products */ = {
			isa = PBXGroup;
			children = (
				49B55DE624641F0C00F20E81 /* AVPlayer.app */,
			);
			name = Products;
			sourceTree = "<group>";
		};
		49B55DE824641F0C00F20E81 /* AVPlayer */ = {
			isa = PBXGroup;
			children = (
				49B55DE924641F0C00F20E81 /* AppDelegate.swift */,
				49B55DEB24641F0C00F20E81 /* SceneDelegate.swift */,
				49B55E0D246440D100F20E81 /* Videos */,
				49B55E0224642BBC00F20E81 /* Model */,
				49B55E122464AD7400F20E81 /* ViewModel */,
				49B55E0324642D2E00F20E81 /* Controller */,
				49B55E0424642D3900F20E81 /* View */,
				49B55DF524641F0F00F20E81 /* Assets.xcassets */,
				49B55DF724641F0F00F20E81 /* LaunchScreen.storyboard */,
				49B55DFA24641F0F00F20E81 /* Info.plist */,
				49B55DF224641F0C00F20E81 /* AVPlayer.xcdatamodeld */,
			);
			path = AVPlayer;
			sourceTree = "<group>";
		};
		49B55E0224642BBC00F20E81 /* Model */ = {
			isa = PBXGroup;
			children = (
				49B55E0024642BB500F20E81 /* Video.swift */,
			);
			path = Model;
			sourceTree = "<group>";
		};
		49B55E0324642D2E00F20E81 /* Controller */ = {
			isa = PBXGroup;
			children = (
				49B55E0524642EFA00F20E81 /* VideosTableViewController.swift */,
				49B55E102464A48F00F20E81 /* PlayerViewController.swift */,
			);
			path = Controller;
			sourceTree = "<group>";
		};
		49B55E0424642D3900F20E81 /* View */ = {
			isa = PBXGroup;
			children = (
				49B55DEF24641F0C00F20E81 /* Main.storyboard */,
				49B55E19246B24A500F20E81 /* CustomPlayerView.xib */,
				49B55E1B246B24C100F20E81 /* CustomPlayerView.swift */,
				49B55E072464341600F20E81 /* VideoTableViewCell.swift */,
			);
			path = View;
			sourceTree = "<group>";
		};
		49B55E0D246440D100F20E81 /* Videos */ = {
			isa = PBXGroup;
			children = (
				49B55E0B246440C900F20E81 /* video1.mp4 */,
			);
			path = Videos;
			sourceTree = "<group>";
		};
		49B55E122464AD7400F20E81 /* ViewModel */ = {
			isa = PBXGroup;
			children = (
				49B55E132464B16100F20E81 /* InbuiltAVPlayer.swift */,
				49B55E0E24649A6F00F20E81 /* CustomAVPlayer.swift */,
			);
			path = ViewModel;
			sourceTree = "<group>";
		};
/* End PBXGroup section */

/* Begin PBXNativeTarget section */
		49B55DE524641F0C00F20E81 /* AVPlayer */ = {
			isa = PBXNativeTarget;
			buildConfigurationList = 49B55DFD24641F0F00F20E81 /* Build configuration list for PBXNativeTarget "AVPlayer" */;
			buildPhases = (
				49B55DE224641F0C00F20E81 /* Sources */,
				49B55DE324641F0C00F20E81 /* Frameworks */,
				49B55DE424641F0C00F20E81 /* Resources */,
			);
			buildRules = (
			);
			dependencies = (
			);
			name = AVPlayer;
			productName = AVPlayer;
			productReference = 49B55DE624641F0C00F20E81 /* AVPlayer.app */;
			productType = "com.apple.product-type.application";
		};
/* End PBXNativeTarget section */

/* Begin PBXProject section */
		49B55DDE24641F0C00F20E81 /* Project object */ = {
			isa = PBXProject;
			attributes = {
				LastSwiftUpdateCheck = 1140;
				LastUpgradeCheck = 1140;
				ORGANIZATIONNAME = Sage_seVen;
				TargetAttributes = {
					49B55DE524641F0C00F20E81 = {
						CreatedOnToolsVersion = 11.4.1;
					};
				};
			};
			buildConfigurationList = 49B55DE124641F0C00F20E81 /* Build configuration list for PBXProject "AVPlayer" */;
			compatibilityVersion = "Xcode 9.3";
			developmentRegion = en;
			hasScannedForEncodings = 0;
			knownRegions = (
				en,
				Base,
			);
			mainGroup = 49B55DDD24641F0C00F20E81;
			productRefGroup = 49B55DE724641F0C00F20E81 /* Products */;
			projectDirPath = "";
			projectRoot = "";
			targets = (
				49B55DE524641F0C00F20E81 /* AVPlayer */,
			);
		};
/* End PBXProject section */

/* Begin PBXResourcesBuildPhase section */
		49B55DE424641F0C00F20E81 /* Resources */ = {
			isa = PBXResourcesBuildPhase;
			buildActionMask = 2147483647;
			files = (
				49B55DF924641F0F00F20E81 /* LaunchScreen.storyboard in Resources */,
				49B55E0C246440C900F20E81 /* video1.mp4 in Resources */,
				49B55DF624641F0F00F20E81 /* Assets.xcassets in Resources */,
				49B55DF124641F0C00F20E81 /* Main.storyboard in Resources */,
				49B55E1A246B24A500F20E81 /* CustomPlayerView.xib in Resources */,
			);
			runOnlyForDeploymentPostprocessing = 0;
		};
/* End PBXResourcesBuildPhase section */

/* Begin PBXSourcesBuildPhase section */
		49B55DE224641F0C00F20E81 /* Sources */ = {
			isa = PBXSourcesBuildPhase;
			buildActionMask = 2147483647;
			files = (
				49B55E0F24649A6F00F20E81 /* CustomAVPlayer.swift in Sources */,
				49B55E112464A48F00F20E81 /* PlayerViewController.swift in Sources */,
				49B55DF424641F0C00F20E81 /* AVPlayer.xcdatamodeld in Sources */,
				49B55E082464341600F20E81 /* VideoTableViewCell.swift in Sources */,
				49B55E1C246B24C100F20E81 /* CustomPlayerView.swift in Sources */,
				49B55DEA24641F0C00F20E81 /* AppDelegate.swift in Sources */,
				49B55E0624642EFA00F20E81 /* VideosTableViewController.swift in Sources */,
				49B55DEC24641F0C00F20E81 /* SceneDelegate.swift in Sources */,
				49B55E142464B16100F20E81 /* InbuiltAVPlayer.swift in Sources */,
				49B55E0124642BB500F20E81 /* Video.swift in Sources */,
			);
			runOnlyForDeploymentPostprocessing = 0;
		};
/* End PBXSourcesBuildPhase section */

/* Begin PBXVariantGroup section */
		49B55DEF24641F0C00F20E81 /* Main.storyboard */ = {
			isa = PBXVariantGroup;
			children = (
				49B55DF024641F0C00F20E81 /* Base */,
			);
			name = Main.storyboard;
			sourceTree = "<group>";
		};
		49B55DF724641F0F00F20E81 /* LaunchScreen.storyboard */ = {
			isa = PBXVariantGroup;
			children = (
				49B55DF824641F0F00F20E81 /* Base */,
			);
			name = LaunchScreen.storyboard;
			sourceTree = "<group>";
		};
/* End PBXVariantGroup section */

/* Begin XCBuildConfiguration section */
		49B55DFB24641F0F00F20E81 /* Debug */ = {
			isa = XCBuildConfiguration;
			buildSettings = {
				ALWAYS_SEARCH_USER_PATHS = NO;
				CLANG_ANALYZER_NONNULL = YES;
				CLANG_ANALYZER_NUMBER_OBJECT_CONVERSION = YES_AGGRESSIVE;
				CLANG_CXX_LANGUAGE_STANDARD = "gnu++14";
				CLANG_CXX_LIBRARY = "libc++";
				CLANG_ENABLE_MODULES = YES;
				CLANG_ENABLE_OBJC_ARC = YES;
				CLANG_ENABLE_OBJC_WEAK = YES;
				CLANG_WARN_BLOCK_CAPTURE_AUTORELEASING = YES;
				CLANG_WARN_BOOL_CONVERSION = YES;
				CLANG_WARN_COMMA = YES;
				CLANG_WARN_CONSTANT_CONVERSION = YES;
				CLANG_WARN_DEPRECATED_OBJC_IMPLEMENTATIONS = YES;
				CLANG_WARN_DIRECT_OBJC_ISA_USAGE = YES_ERROR;
				CLANG_WARN_DOCUMENTATION_COMMENTS = YES;
				CLANG_WARN_EMPTY_BODY = YES;
				CLANG_WARN_ENUM_CONVERSION = YES;
				CLANG_WARN_INFINITE_RECURSION = YES;
				CLANG_WARN_INT_CONVERSION = YES;
				CLANG_WARN_NON_LITERAL_NULL_CONVERSION = YES;
				CLANG_WARN_OBJC_IMPLICIT_RETAIN_SELF = YES;
				CLANG_WARN_OBJC_LITERAL_CONVERSION = YES;
				CLANG_WARN_OBJC_ROOT_CLASS = YES_ERROR;
				CLANG_WARN_RANGE_LOOP_ANALYSIS = YES;
				CLANG_WARN_STRICT_PROTOTYPES = YES;
				CLANG_WARN_SUSPICIOUS_MOVE = YES;
				CLANG_WARN_UNGUARDED_AVAILABILITY = YES_AGGRESSIVE;
				CLANG_WARN_UNREACHABLE_CODE = YES;
				CLANG_WARN__DUPLICATE_METHOD_MATCH = YES;
				COPY_PHASE_STRIP = NO;
				DEBUG_INFORMATION_FORMAT = dwarf;
				ENABLE_STRICT_OBJC_MSGSEND = YES;
				ENABLE_TESTABILITY = YES;
				GCC_C_LANGUAGE_STANDARD = gnu11;
				GCC_DYNAMIC_NO_PIC = NO;
				GCC_NO_COMMON_BLOCKS = YES;
				GCC_OPTIMIZATION_LEVEL = 0;
				GCC_PREPROCESSOR_DEFINITIONS = (
					"DEBUG=1",
					"$(inherited)",
				);
				GCC_WARN_64_TO_32_BIT_CONVERSION = YES;
				GCC_WARN_ABOUT_RETURN_TYPE = YES_ERROR;
				GCC_WARN_UNDECLARED_SELECTOR = YES;
				GCC_WARN_UNINITIALIZED_AUTOS = YES_AGGRESSIVE;
				GCC_WARN_UNUSED_FUNCTION = YES;
				GCC_WARN_UNUSED_VARIABLE = YES;
				IPHONEOS_DEPLOYMENT_TARGET = 13.4;
				MTL_ENABLE_DEBUG_INFO = INCLUDE_SOURCE;
				MTL_FAST_MATH = YES;
				ONLY_ACTIVE_ARCH = YES;
				SDKROOT = iphoneos;
				SWIFT_ACTIVE_COMPILATION_CONDITIONS = DEBUG;
				SWIFT_OPTIMIZATION_LEVEL = "-Onone";
			};
			name = Debug;
		};
		49B55DFC24641F0F00F20E81 /* Release */ = {
			isa = XCBuildConfiguration;
			buildSettings = {
				ALWAYS_SEARCH_USER_PATHS = NO;
				CLANG_ANALYZER_NONNULL = YES;
				CLANG_ANALYZER_NUMBER_OBJECT_CONVERSION = YES_AGGRESSIVE;
				CLANG_CXX_LANGUAGE_STANDARD = "gnu++14";
				CLANG_CXX_LIBRARY = "libc++";
				CLANG_ENABLE_MODULES = YES;
				CLANG_ENABLE_OBJC_ARC = YES;
				CLANG_ENABLE_OBJC_WEAK = YES;
				CLANG_WARN_BLOCK_CAPTURE_AUTORELEASING = YES;
				CLANG_WARN_BOOL_CONVERSION = YES;
				CLANG_WARN_COMMA = YES;
				CLANG_WARN_CONSTANT_CONVERSION = YES;
				CLANG_WARN_DEPRECATED_OBJC_IMPLEMENTATIONS = YES;
				CLANG_WARN_DIRECT_OBJC_ISA_USAGE = YES_ERROR;
				CLANG_WARN_DOCUMENTATION_COMMENTS = YES;
				CLANG_WARN_EMPTY_BODY = YES;
				CLANG_WARN_ENUM_CONVERSION = YES;
				CLANG_WARN_INFINITE_RECURSION = YES;
				CLANG_WARN_INT_CONVERSION = YES;
				CLANG_WARN_NON_LITERAL_NULL_CONVERSION = YES;
				CLANG_WARN_OBJC_IMPLICIT_RETAIN_SELF = YES;
				CLANG_WARN_OBJC_LITERAL_CONVERSION = YES;
				CLANG_WARN_OBJC_ROOT_CLASS = YES_ERROR;
				CLANG_WARN_RANGE_LOOP_ANALYSIS = YES;
				CLANG_WARN_STRICT_PROTOTYPES = YES;
				CLANG_WARN_SUSPICIOUS_MOVE = YES;
				CLANG_WARN_UNGUARDED_AVAILABILITY = YES_AGGRESSIVE;
				CLANG_WARN_UNREACHABLE_CODE = YES;
				CLANG_WARN__DUPLICATE_METHOD_MATCH = YES;
				COPY_PHASE_STRIP = NO;
				DEBUG_INFORMATION_FORMAT = "dwarf-with-dsym";
				ENABLE_NS_ASSERTIONS = NO;
				ENABLE_STRICT_OBJC_MSGSEND = YES;
				GCC_C_LANGUAGE_STANDARD = gnu11;
				GCC_NO_COMMON_BLOCKS = YES;
				GCC_WARN_64_TO_32_BIT_CONVERSION = YES;
				GCC_WARN_ABOUT_RETURN_TYPE = YES_ERROR;
				GCC_WARN_UNDECLARED_SELECTOR = YES;
				GCC_WARN_UNINITIALIZED_AUTOS = YES_AGGRESSIVE;
				GCC_WARN_UNUSED_FUNCTION = YES;
				GCC_WARN_UNUSED_VARIABLE = YES;
				IPHONEOS_DEPLOYMENT_TARGET = 13.4;
				MTL_ENABLE_DEBUG_INFO = NO;
				MTL_FAST_MATH = YES;
				SDKROOT = iphoneos;
				SWIFT_COMPILATION_MODE = wholemodule;
				SWIFT_OPTIMIZATION_LEVEL = "-O";
				VALIDATE_PRODUCT = YES;
			};
			name = Release;
		};
		49B55DFE24641F0F00F20E81 /* Debug */ = {
			isa = XCBuildConfiguration;
			buildSettings = {
				ASSETCATALOG_COMPILER_APPICON_NAME = AppIcon;
				CODE_SIGN_STYLE = Automatic;
				INFOPLIST_FILE = AVPlayer/Info.plist;
				LD_RUNPATH_SEARCH_PATHS = (
					"$(inherited)",
					"@executable_path/Frameworks",
				);
				PRODUCT_BUNDLE_IDENTIFIER = "com.sage-seVen.AVPlayer";
				PRODUCT_NAME = "$(TARGET_NAME)";
				SWIFT_VERSION = 5.0;
				TARGETED_DEVICE_FAMILY = "1,2";
			};
			name = Debug;
		};
		49B55DFF24641F0F00F20E81 /* Release */ = {
			isa = XCBuildConfiguration;
			buildSettings = {
				ASSETCATALOG_COMPILER_APPICON_NAME = AppIcon;
				CODE_SIGN_STYLE = Automatic;
				INFOPLIST_FILE = AVPlayer/Info.plist;
				LD_RUNPATH_SEARCH_PATHS = (
					"$(inherited)",
					"@executable_path/Frameworks",
				);
				PRODUCT_BUNDLE_IDENTIFIER = "com.sage-seVen.AVPlayer";
				PRODUCT_NAME = "$(TARGET_NAME)";
				SWIFT_VERSION = 5.0;
				TARGETED_DEVICE_FAMILY = "1,2";
			};
			name = Release;
		};
/* End XCBuildConfiguration section */

/* Begin XCConfigurationList section */
		49B55DE124641F0C00F20E81 /* Build configuration list for PBXProject "AVPlayer" */ = {
			isa = XCConfigurationList;
			buildConfigurations = (
				49B55DFB24641F0F00F20E81 /* Debug */,
				49B55DFC24641F0F00F20E81 /* Release */,
			);
			defaultConfigurationIsVisible = 0;
			defaultConfigurationName = Release;
		};
		49B55DFD24641F0F00F20E81 /* Build configuration list for PBXNativeTarget "AVPlayer" */ = {
			isa = XCConfigurationList;
			buildConfigurations = (
				49B55DFE24641F0F00F20E81 /* Debug */,
				49B55DFF24641F0F00F20E81 /* Release */,
			);
			defaultConfigurationIsVisible = 0;
			defaultConfigurationName = Release;
		};
/* End XCConfigurationList section */

/* Begin XCVersionGroup section */
		49B55DF224641F0C00F20E81 /* AVPlayer.xcdatamodeld */ = {
			isa = XCVersionGroup;
			children = (
				49B55DF324641F0C00F20E81 /* AVPlayer.xcdatamodel */,
			);
			currentVersion = 49B55DF324641F0C00F20E81 /* AVPlayer.xcdatamodel */;
			path = AVPlayer.xcdatamodeld;
			sourceTree = "<group>";
			versionGroupType = wrapper.xcdatamodel;
		};
/* End XCVersionGroup section */
	};
	rootObject = 49B55DDE24641F0C00F20E81 /* Project object */;
}
